
Microsoft Visual Studio Solution File, Format Version 12.00
# Visual Studio 2013
VisualStudioVersion = 12.0.30723.0
MinimumVisualStudioVersion = 10.0.40219.1
Project("{FAE04EC0-301F-11D3-BF4B-00C04F79EFBC}") = "srm_div2_632_medium", "srm_div2_632_medium\srm_div2_632_medium.csproj", "{54C8995A-C8B1-42F3-AFC1-58866F623303}"
EndProject
Global
	GlobalSection(SolutionConfigurationPlatforms) = preSolution
		Debug|Any CPU = Debug|Any CPU
		Release|Any CPU = Release|Any CPU
	EndGlobalSection
	GlobalSection(ProjectConfigurationPlatforms) = postSolution
		{54C8995A-C8B1-42F3-AFC1-58866F623303}.Debug|Any CPU.ActiveCfg = Debug|Any CPU
		{54C8995A-C8B1-42F3-AFC1-58866F623303}.Debug|Any CPU.Build.0 = Debug|Any CPU
		{54C8995A-C8B1-42F3-AFC1-58866F623303}.Release|Any CPU.ActiveCfg = Release|Any CPU
		{54C8995A-C8B1-42F3-AFC1-58866F623303}.Release|Any CPU.Build.0 = Release|Any CPU
	EndGlobalSection
	GlobalSection(SolutionProperties) = preSolution
		HideSolutionNode = FALSE
	EndGlobalSection
EndGlobal
